
Microsoft Visual Studio Solution File, Format Version 12.00
# Visual Studio Version 17
VisualStudioVersion = 17.1.32328.378
MinimumVisualStudioVersion = 10.0.40219.1
Project("{8BC9CEB8-8B4A-11D0-8D11-00A0C91BC942}") = "c_4_22", "c_4_22\c_4_22.vcxproj", "{447D7CA2-7114-4B15-BF28-ECC509D2BF99}"
EndProject
Global
	GlobalSection(SolutionConfigurationPlatforms) = preSolution
		Debug|x64 = Debug|x64
		Debug|x86 = Debug|x86
		Release|x64 = Release|x64
		Release|x86 = Release|x86
	EndGlobalSection
	GlobalSection(ProjectConfigurationPlatforms) = postSolution
		{447D7CA2-7114-4B15-BF28-ECC509D2BF99}.Debug|x64.ActiveCfg = Debug|x64
		{447D7CA2-7114-4B15-BF28-ECC509D2BF99}.Debug|x64.Build.0 = Debug|x64
		{447D7CA2-7114-4B15-BF28-ECC509D2BF99}.Debug|x86.ActiveCfg = Debug|Win32
		{447D7CA2-7114-4B15-BF28-ECC509D2BF99}.Debug|x86.Build.0 = Debug|Win32
		{447D7CA2-7114-4B15-BF28-ECC509D2BF99}.Release|x64.ActiveCfg = Release|x64
		{447D7CA2-7114-4B15-BF28-ECC509D2BF99}.Release|x64.Build.0 = Release|x64
		{447D7CA2-7114-4B15-BF28-ECC509D2BF99}.Release|x86.ActiveCfg = Release|Win32
		{447D7CA2-7114-4B15-BF28-ECC509D2BF99}.Release|x86.Build.0 = Release|Win32
	EndGlobalSection
	GlobalSection(SolutionProperties) = preSolution
		HideSolutionNode = FALSE
	EndGlobalSection
	GlobalSection(ExtensibilityGlobals) = postSolution
		SolutionGuid = {220A89D5-9E0D-4811-9F05-B207F270EFD1}
	EndGlobalSection
EndGlobal
